
Microsoft Visual Studio Solution File, Format Version 12.00
# Visual Studio Version 17
VisualStudioVersion = 17.11.35312.102
MinimumVisualStudioVersion = 10.0.40219.1
Project("{FAE04EC0-301F-11D3-BF4B-00C04F79EFBC}") = "Exercise_4", "Exercise_4\Exercise_4.csproj", "{D3565A4C-8BEE-47DA-B57B-B1A5BFE2499A}"
EndProject
Global
	GlobalSection(SolutionConfigurationPlatforms) = preSolution
		Debug|Any CPU = Debug|Any CPU
		Release|Any CPU = Release|Any CPU
	EndGlobalSection
	GlobalSection(ProjectConfigurationPlatforms) = postSolution
		{D3565A4C-8BEE-47DA-B57B-B1A5BFE2499A}.Debug|Any CPU.ActiveCfg = Debug|Any CPU
		{D3565A4C-8BEE-47DA-B57B-B1A5BFE2499A}.Debug|Any CPU.Build.0 = Debug|Any CPU
		{D3565A4C-8BEE-47DA-B57B-B1A5BFE2499A}.Release|Any CPU.ActiveCfg = Release|Any CPU
		{D3565A4C-8BEE-47DA-B57B-B1A5BFE2499A}.Release|Any CPU.Build.0 = Release|Any CPU
	EndGlobalSection
	GlobalSection(SolutionProperties) = preSolution
		HideSolutionNode = FALSE
	EndGlobalSection
	GlobalSection(ExtensibilityGlobals) = postSolution
		SolutionGuid = {47EBC074-F7B1-4A25-A1F9-402EF62CCE58}
	EndGlobalSection
EndGlobal
