
Microsoft Visual Studio Solution File, Format Version 12.00
# Visual Studio Version 17
VisualStudioVersion = 17.2.32505.173
MinimumVisualStudioVersion = 10.0.40219.1
Project("{FAE04EC0-301F-11D3-BF4B-00C04F79EFBC}") = "TASK1", "TASK1\TASK1.csproj", "{B4EDEECF-6265-4CB3-8C1B-128FA533D3FF}"
EndProject
Global
	GlobalSection(SolutionConfigurationPlatforms) = preSolution
		Debug|Any CPU = Debug|Any CPU
		Release|Any CPU = Release|Any CPU
	EndGlobalSection
	GlobalSection(ProjectConfigurationPlatforms) = postSolution
		{B4EDEECF-6265-4CB3-8C1B-128FA533D3FF}.Debug|Any CPU.ActiveCfg = Debug|Any CPU
		{B4EDEECF-6265-4CB3-8C1B-128FA533D3FF}.Debug|Any CPU.Build.0 = Debug|Any CPU
		{B4EDEECF-6265-4CB3-8C1B-128FA533D3FF}.Release|Any CPU.ActiveCfg = Release|Any CPU
		{B4EDEECF-6265-4CB3-8C1B-128FA533D3FF}.Release|Any CPU.Build.0 = Release|Any CPU
	EndGlobalSection
	GlobalSection(SolutionProperties) = preSolution
		HideSolutionNode = FALSE
	EndGlobalSection
	GlobalSection(ExtensibilityGlobals) = postSolution
		SolutionGuid = {6D93E8D6-78E6-42F3-95DC-52276BABE0A4}
	EndGlobalSection
EndGlobal
