
Microsoft Visual Studio Solution File, Format Version 12.00
# Visual Studio Version 17
VisualStudioVersion = 17.2.32505.173
MinimumVisualStudioVersion = 10.0.40219.1
Project("{FAE04EC0-301F-11D3-BF4B-00C04F79EFBC}") = "WPFComboBoxControl", "WPFComboBoxControl\WPFComboBoxControl.csproj", "{53E85C0D-4FEA-4D48-AA77-65458B7CA8A9}"
EndProject
Global
	GlobalSection(SolutionConfigurationPlatforms) = preSolution
		Debug|Any CPU = Debug|Any CPU
		Release|Any CPU = Release|Any CPU
	EndGlobalSection
	GlobalSection(ProjectConfigurationPlatforms) = postSolution
		{53E85C0D-4FEA-4D48-AA77-65458B7CA8A9}.Debug|Any CPU.ActiveCfg = Debug|Any CPU
		{53E85C0D-4FEA-4D48-AA77-65458B7CA8A9}.Debug|Any CPU.Build.0 = Debug|Any CPU
		{53E85C0D-4FEA-4D48-AA77-65458B7CA8A9}.Release|Any CPU.ActiveCfg = Release|Any CPU
		{53E85C0D-4FEA-4D48-AA77-65458B7CA8A9}.Release|Any CPU.Build.0 = Release|Any CPU
	EndGlobalSection
	GlobalSection(SolutionProperties) = preSolution
		HideSolutionNode = FALSE
	EndGlobalSection
	GlobalSection(ExtensibilityGlobals) = postSolution
		SolutionGuid = {B013D73B-D85E-4024-B51B-2C17790880BE}
	EndGlobalSection
EndGlobal
