
Microsoft Visual Studio Solution File, Format Version 12.00
# Visual Studio Version 17
VisualStudioVersion = 17.11.35312.102
MinimumVisualStudioVersion = 10.0.40219.1
Project("{FAE04EC0-301F-11D3-BF4B-00C04F79EFBC}") = "Check_Box", "Check_Box\Check_Box.csproj", "{28AC3FB9-8814-4CCC-A88A-FF08956E2D44}"
EndProject
Global
	GlobalSection(SolutionConfigurationPlatforms) = preSolution
		Debug|Any CPU = Debug|Any CPU
		Release|Any CPU = Release|Any CPU
	EndGlobalSection
	GlobalSection(ProjectConfigurationPlatforms) = postSolution
		{28AC3FB9-8814-4CCC-A88A-FF08956E2D44}.Debug|Any CPU.ActiveCfg = Debug|Any CPU
		{28AC3FB9-8814-4CCC-A88A-FF08956E2D44}.Debug|Any CPU.Build.0 = Debug|Any CPU
		{28AC3FB9-8814-4CCC-A88A-FF08956E2D44}.Release|Any CPU.ActiveCfg = Release|Any CPU
		{28AC3FB9-8814-4CCC-A88A-FF08956E2D44}.Release|Any CPU.Build.0 = Release|Any CPU
	EndGlobalSection
	GlobalSection(SolutionProperties) = preSolution
		HideSolutionNode = FALSE
	EndGlobalSection
	GlobalSection(ExtensibilityGlobals) = postSolution
		SolutionGuid = {427C9D7D-466E-4721-9877-3FD4D9B57732}
	EndGlobalSection
EndGlobal
