
Microsoft Visual Studio Solution File, Format Version 12.00
# Visual Studio Version 17
VisualStudioVersion = 17.11.35312.102
MinimumVisualStudioVersion = 10.0.40219.1
Project("{FAE04EC0-301F-11D3-BF4B-00C04F79EFBC}") = "Message_Box_Label", "Message_Box_Label\Message_Box_Label.csproj", "{740A3B6B-D77D-4155-ACFC-B3B509D1C111}"
EndProject
Global
	GlobalSection(SolutionConfigurationPlatforms) = preSolution
		Debug|Any CPU = Debug|Any CPU
		Release|Any CPU = Release|Any CPU
	EndGlobalSection
	GlobalSection(ProjectConfigurationPlatforms) = postSolution
		{740A3B6B-D77D-4155-ACFC-B3B509D1C111}.Debug|Any CPU.ActiveCfg = Debug|Any CPU
		{740A3B6B-D77D-4155-ACFC-B3B509D1C111}.Debug|Any CPU.Build.0 = Debug|Any CPU
		{740A3B6B-D77D-4155-ACFC-B3B509D1C111}.Release|Any CPU.ActiveCfg = Release|Any CPU
		{740A3B6B-D77D-4155-ACFC-B3B509D1C111}.Release|Any CPU.Build.0 = Release|Any CPU
	EndGlobalSection
	GlobalSection(SolutionProperties) = preSolution
		HideSolutionNode = FALSE
	EndGlobalSection
	GlobalSection(ExtensibilityGlobals) = postSolution
		SolutionGuid = {2A427090-51E8-4AEE-9D7C-0B3B2C03AF47}
	EndGlobalSection
EndGlobal
