
Microsoft Visual Studio Solution File, Format Version 12.00
# Visual Studio Version 17
VisualStudioVersion = 17.11.35312.102
MinimumVisualStudioVersion = 10.0.40219.1
Project("{9A19103F-16F7-4668-BE54-9A1E7A4F7556}") = "HelloWorldBlazorSSR", "HelloWorldBlazorSSR\HelloWorldBlazorSSR.csproj", "{93A8AF55-724C-4814-96B2-AE9731332155}"
EndProject
Global
	GlobalSection(SolutionConfigurationPlatforms) = preSolution
		Debug|Any CPU = Debug|Any CPU
		Release|Any CPU = Release|Any CPU
	EndGlobalSection
	GlobalSection(ProjectConfigurationPlatforms) = postSolution
		{93A8AF55-724C-4814-96B2-AE9731332155}.Debug|Any CPU.ActiveCfg = Debug|Any CPU
		{93A8AF55-724C-4814-96B2-AE9731332155}.Debug|Any CPU.Build.0 = Debug|Any CPU
		{93A8AF55-724C-4814-96B2-AE9731332155}.Release|Any CPU.ActiveCfg = Release|Any CPU
		{93A8AF55-724C-4814-96B2-AE9731332155}.Release|Any CPU.Build.0 = Release|Any CPU
	EndGlobalSection
	GlobalSection(SolutionProperties) = preSolution
		HideSolutionNode = FALSE
	EndGlobalSection
	GlobalSection(ExtensibilityGlobals) = postSolution
		SolutionGuid = {34493ABD-31DA-4251-83D9-C34ED991F4C1}
	EndGlobalSection
EndGlobal
